<?xml version="1.0" encoding="utf-8"?>
<Project ToolsVersion="4.0" xmlns="http://schemas.microsoft.com/developer/msbuild/2003">
  <ItemGroup>
    <Filter Include="Source Files">
      <UniqueIdentifier>{4FC737F1-C7A5-4376-A066-2A32D752A2FF}</UniqueIdentifier>
      <Extensions>cpp;c;cc;cxx;def;odl;idl;hpj;bat;asm;asmx</Extensions>
    </Filter>
    <Filter Include="Header Files">
      <UniqueIdentifier>{93995380-89BD-4b04-88EB-625FBE52EBFB}</UniqueIdentifier>
      <Extensions>h;hh;hpp;hxx;hm;inl;inc;xsd</Extensions>
    </Filter>
    <Filter Include="Resource Files">
      <UniqueIdentifier>{67DA6AB6-F800-4c08-8B7A-83BB121AAD01}</UniqueIdentifier>
      <Extensions>rc;ico;cur;bmp;dlg;rc2;rct;bin;rgs;gif;jpg;jpeg;jpe;resx;tiff;tif;png;wav;mfcribbon-ms</Extensions>
    </Filter>
    <Filter Include="Engine">
      <UniqueIdentifier>{fd79b0a0-c9e0-41da-a6de-2db43caa6650}</UniqueIdentifier>
    </Filter>
    <Filter Include="Engine\Renderers">
      <UniqueIdentifier>{df515c92-6f48-4212-aad3-eb1a90105ac8}</UniqueIdentifier>
    </Filter>
  </ItemGroup>
  <ItemGroup>
    <ClCompile Include="main.cpp">
      <Filter>Source Files</Filter>
    </ClCompile>
    <ClCompile Include="Engine\Controller.cpp">
      <Filter>Engine</Filter>
    </ClCompile>
    <ClCompile Include="Engine\GameManager.cpp">
      <Filter>Engine</Filter>
    </ClCompile>
    <ClCompile Include="Engine\GameObject.cpp">
      <Filter>Engine</Filter>
    </ClCompile>
    <ClCompile Include="Engine\Vector2d.cpp">
      <Filter>Engine</Filter>
    </ClCompile>
    <ClCompile Include="DacSceneFactory.cpp">
      <Filter>Source Files</Filter>
    </ClCompile>
    <ClCompile Include="FieldController.cpp">
      <Filter>Source Files</Filter>
    </ClCompile>
    <ClCompile Include="CrystalController.cpp">
      <Filter>Source Files</Filter>
    </ClCompile>
    <ClCompile Include="Engine\SolidRenderer.cpp">
      <Filter>Engine\Renderers</Filter>
    </ClCompile>
    <ClCompile Include="Engine\TextRenderer.cpp">
      <Filter>Engine\Renderers</Filter>
    </ClCompile>
    <ClCompile Include="Engine\TextureRenderer.cpp">
      <Filter>Engine\Renderers</Filter>
    </ClCompile>
    <ClCompile Include="Engine\Renderer.cpp">
      <Filter>Engine\Renderers</Filter>
    </ClCompile>
    <ClCompile Include="GameController.cpp">
      <Filter>Source Files</Filter>
    </ClCompile>
    <ClCompile Include="ParticlesController.cpp">
      <Filter>Source Files</Filter>
    </ClCompile>
    <ClCompile Include="FuseController.cpp">
      <Filter>Source Files</Filter>
    </ClCompile>
    <ClCompile Include="MouseHoverController.cpp">
      <Filter>Source Files</Filter>
    </ClCompile>
  </ItemGroup>
  <ItemGroup>
    <ClInclude Include="Engine\Controller.h">
      <Filter>Engine</Filter>
    </ClInclude>
    <ClInclude Include="Engine\GameManager.h">
      <Filter>Engine</Filter>
    </ClInclude>
    <ClInclude Include="Engine\GameObject.h">
      <Filter>Engine</Filter>
    </ClInclude>
    <ClInclude Include="Engine\Vector2d.h">
      <Filter>Engine</Filter>
    </ClInclude>
    <ClInclude Include="Engine\ExplainedException.h">
      <Filter>Engine</Filter>
    </ClInclude>
    <ClInclude Include="DacSceneFactory.h">
      <Filter>Header Files</Filter>
    </ClInclude>
    <ClInclude Include="FieldController.h">
      <Filter>Header Files</Filter>
    </ClInclude>
    <ClInclude Include="CrystalController.h">
      <Filter>Header Files</Filter>
    </ClInclude>
    <ClInclude Include="Engine\Constants.h">
      <Filter>Engine</Filter>
    </ClInclude>
    <ClInclude Include="resource.h">
      <Filter>Header Files</Filter>
    </ClInclude>
    <ClInclude Include="Engine\SolidRenderer.h">
      <Filter>Engine\Renderers</Filter>
    </ClInclude>
    <ClInclude Include="Engine\TextRenderer.h">
      <Filter>Engine\Renderers</Filter>
    </ClInclude>
    <ClInclude Include="Engine\TextureRenderer.h">
      <Filter>Engine\Renderers</Filter>
    </ClInclude>
    <ClInclude Include="Engine\Renderer.h">
      <Filter>Engine\Renderers</Filter>
    </ClInclude>
    <ClInclude Include="GameController.h">
      <Filter>Header Files</Filter>
    </ClInclude>
    <ClInclude Include="ParticlesController.h">
      <Filter>Header Files</Filter>
    </ClInclude>
    <ClInclude Include="FuseController.h">
      <Filter>Header Files</Filter>
    </ClInclude>
    <ClInclude Include="Engine\SceneFactory.h">
      <Filter>Engine</Filter>
    </ClInclude>
    <ClInclude Include="MouseHoverController.h">
      <Filter>Header Files</Filter>
    </ClInclude>
  </ItemGroup>
  <ItemGroup>
    <ResourceCompile Include="DiamondsAndCrystals.rc">
      <Filter>Resource Files</Filter>
    </ResourceCompile>
  </ItemGroup>
</Project>